// !$*UTF8*$!
{
	archiveVersion = 1;
	classes = {
	};
	objectVersion = 55;
	objects = {

/* Begin PBXBuildFile section */
		BC7400492925915500C07C52 /* SkewedOffset.swift in Sources */ = {isa = PBXBuildFile; fileRef = BC7400482925915500C07C52 /* SkewedOffset.swift */; };
		BC74004B292592E300C07C52 /* SkewedLabel.swift in Sources */ = {isa = PBXBuildFile; fileRef = BC74004A292592E300C07C52 /* SkewedLabel.swift */; };
		BC81ED28292432DB0028C793 /* Polygon.swift in Sources */ = {isa = PBXBuildFile; fileRef = BC81ED27292432DB0028C793 /* Polygon.swift */; };
		BC81ED2A29243D020028C793 /* PolygonAnimation.swift in Sources */ = {isa = PBXBuildFile; fileRef = BC81ED2929243D020028C793 /* PolygonAnimation.swift */; };
		BC81ED2C29243DE50028C793 /* ClockTime.swift in Sources */ = {isa = PBXBuildFile; fileRef = BC81ED2B29243DE50028C793 /* ClockTime.swift */; };
		BC81ED2E292440FC0028C793 /* Clock.swift in Sources */ = {isa = PBXBuildFile; fileRef = BC81ED2D292440FC0028C793 /* Clock.swift */; };
		BC81ED30292441CA0028C793 /* TickingClock.swift in Sources */ = {isa = PBXBuildFile; fileRef = BC81ED2F292441CA0028C793 /* TickingClock.swift */; };
		BCB4BE512926DF7700357497 /* ShrinkingSquares.swift in Sources */ = {isa = PBXBuildFile; fileRef = BCB4BE502926DF7700357497 /* ShrinkingSquares.swift */; };
		BCB4BE532926DF9B00357497 /* SquareClock.swift in Sources */ = {isa = PBXBuildFile; fileRef = BCB4BE522926DF9A00357497 /* SquareClock.swift */; };
		BCBC49BA28E795E300D7E5A5 /* AdvancedAnimationsApp.swift in Sources */ = {isa = PBXBuildFile; fileRef = BCBC49B928E795E300D7E5A5 /* AdvancedAnimationsApp.swift */; };
		BCBC49BC28E795E300D7E5A5 /* ContentView.swift in Sources */ = {isa = PBXBuildFile; fileRef = BCBC49BB28E795E300D7E5A5 /* ContentView.swift */; };
		BCBC49BE28E795E500D7E5A5 /* Assets.xcassets in Resources */ = {isa = PBXBuildFile; fileRef = BCBC49BD28E795E500D7E5A5 /* Assets.xcassets */; };
		BCBC49C128E795E500D7E5A5 /* Preview Assets.xcassets in Resources */ = {isa = PBXBuildFile; fileRef = BCBC49C028E795E500D7E5A5 /* Preview Assets.xcassets */; };
/* End PBXBuildFile section */

/* Begin PBXFileReference section */
		BC7400482925915500C07C52 /* SkewedOffset.swift */ = {isa = PBXFileReference; lastKnownFileType = sourcecode.swift; path = SkewedOffset.swift; sourceTree = "<group>"; };
		BC74004A292592E300C07C52 /* SkewedLabel.swift */ = {isa = PBXFileReference; lastKnownFileType = sourcecode.swift; path = SkewedLabel.swift; sourceTree = "<group>"; };
		BC81ED27292432DB0028C793 /* Polygon.swift */ = {isa = PBXFileReference; lastKnownFileType = sourcecode.swift; path = Polygon.swift; sourceTree = "<group>"; };
		BC81ED2929243D020028C793 /* PolygonAnimation.swift */ = {isa = PBXFileReference; lastKnownFileType = sourcecode.swift; path = PolygonAnimation.swift; sourceTree = "<group>"; };
		BC81ED2B29243DE50028C793 /* ClockTime.swift */ = {isa = PBXFileReference; lastKnownFileType = sourcecode.swift; path = ClockTime.swift; sourceTree = "<group>"; };
		BC81ED2D292440FC0028C793 /* Clock.swift */ = {isa = PBXFileReference; lastKnownFileType = sourcecode.swift; path = Clock.swift; sourceTree = "<group>"; };
		BC81ED2F292441CA0028C793 /* TickingClock.swift */ = {isa = PBXFileReference; lastKnownFileType = sourcecode.swift; path = TickingClock.swift; sourceTree = "<group>"; };
		BCB4BE502926DF7700357497 /* ShrinkingSquares.swift */ = {isa = PBXFileReference; lastKnownFileType = sourcecode.swift; path = ShrinkingSquares.swift; sourceTree = "<group>"; };
		BCB4BE522926DF9A00357497 /* SquareClock.swift */ = {isa = PBXFileReference; lastKnownFileType = sourcecode.swift; path = SquareClock.swift; sourceTree = "<group>"; };
		BCBC49B628E795E300D7E5A5 /* AdvancedAnimations.app */ = {isa = PBXFileReference; explicitFileType = wrapper.application; includeInIndex = 0; path = AdvancedAnimations.app; sourceTree = BUILT_PRODUCTS_DIR; };
		BCBC49B928E795E300D7E5A5 /* AdvancedAnimationsApp.swift */ = {isa = PBXFileReference; lastKnownFileType = sourcecode.swift; path = AdvancedAnimationsApp.swift; sourceTree = "<group>"; };
		BCBC49BB28E795E300D7E5A5 /* ContentView.swift */ = {isa = PBXFileReference; lastKnownFileType = sourcecode.swift; path = ContentView.swift; sourceTree = "<group>"; };
		BCBC49BD28E795E500D7E5A5 /* Assets.xcassets */ = {isa = PBXFileReference; lastKnownFileType = folder.assetcatalog; path = Assets.xcassets; sourceTree = "<group>"; };
		BCBC49C028E795E500D7E5A5 /* Preview Assets.xcassets */ = {isa = PBXFileReference; lastKnownFileType = folder.assetcatalog; path = "Preview Assets.xcassets"; sourceTree = "<group>"; };
/* End PBXFileReference section */

/* Begin PBXFrameworksBuildPhase section */
		BCBC49B328E795E300D7E5A5 /* Frameworks */ = {
			isa = PBXFrameworksBuildPhase;
			buildActionMask = 2147483647;
			files = (
			);
			runOnlyForDeploymentPostprocessing = 0;
		};
/* End PBXFrameworksBuildPhase section */

/* Begin PBXGroup section */
		BC98401B29259B01002AA2DF /* Clock */ = {
			isa = PBXGroup;
			children = (
				BC81ED2F292441CA0028C793 /* TickingClock.swift */,
				BC81ED2D292440FC0028C793 /* Clock.swift */,
				BC81ED2B29243DE50028C793 /* ClockTime.swift */,
			);
			path = Clock;
			sourceTree = "<group>";
		};
		BC98401C29259B16002AA2DF /* Polygon */ = {
			isa = PBXGroup;
			children = (
				BC81ED27292432DB0028C793 /* Polygon.swift */,
				BC81ED2929243D020028C793 /* PolygonAnimation.swift */,
			);
			path = Polygon;
			sourceTree = "<group>";
		};
		BC98401D29259B2A002AA2DF /* GeometryEffect */ = {
			isa = PBXGroup;
			children = (
				BC7400482925915500C07C52 /* SkewedOffset.swift */,
				BC74004A292592E300C07C52 /* SkewedLabel.swift */,
			);
			path = GeometryEffect;
			sourceTree = "<group>";
		};
		BCBC49AD28E795E300D7E5A5 = {
			isa = PBXGroup;
			children = (
				BCBC49B828E795E300D7E5A5 /* AdvancedAnimations */,
				BCBC49B728E795E300D7E5A5 /* Products */,
			);
			sourceTree = "<group>";
		};
		BCBC49B728E795E300D7E5A5 /* Products */ = {
			isa = PBXGroup;
			children = (
				BCBC49B628E795E300D7E5A5 /* AdvancedAnimations.app */,
			);
			name = Products;
			sourceTree = "<group>";
		};
		BCBC49B828E795E300D7E5A5 /* AdvancedAnimations */ = {
			isa = PBXGroup;
			children = (
				BCBC49B928E795E300D7E5A5 /* AdvancedAnimationsApp.swift */,
				BCBC49BB28E795E300D7E5A5 /* ContentView.swift */,
				BCB4BE522926DF9A00357497 /* SquareClock.swift */,
				BCB4BE502926DF7700357497 /* ShrinkingSquares.swift */,
				BC98401D29259B2A002AA2DF /* GeometryEffect */,
				BC98401B29259B01002AA2DF /* Clock */,
				BC98401C29259B16002AA2DF /* Polygon */,
				BCBC49BD28E795E500D7E5A5 /* Assets.xcassets */,
				BCBC49BF28E795E500D7E5A5 /* Preview Content */,
			);
			path = AdvancedAnimations;
			sourceTree = "<group>";
		};
		BCBC49BF28E795E500D7E5A5 /* Preview Content */ = {
			isa = PBXGroup;
			children = (
				BCBC49C028E795E500D7E5A5 /* Preview Assets.xcassets */,
			);
			path = "Preview Content";
			sourceTree = "<group>";
		};
/* End PBXGroup section */

/* Begin PBXNativeTarget section */
		BCBC49B528E795E300D7E5A5 /* AdvancedAnimations */ = {
			isa = PBXNativeTarget;
			buildConfigurationList = BCBC49C428E795E500D7E5A5 /* Build configuration list for PBXNativeTarget "AdvancedAnimations" */;
			buildPhases = (
				BCBC49B228E795E300D7E5A5 /* Sources */,
				BCBC49B328E795E300D7E5A5 /* Frameworks */,
				BCBC49B428E795E300D7E5A5 /* Resources */,
			);
			buildRules = (
			);
			dependencies = (
			);
			name = AdvancedAnimations;
			productName = AdvancedAnimations;
			productReference = BCBC49B628E795E300D7E5A5 /* AdvancedAnimations.app */;
			productType = "com.apple.product-type.application";
		};
/* End PBXNativeTarget section */

/* Begin PBXProject section */
		BCBC49AE28E795E300D7E5A5 /* Project object */ = {
			isa = PBXProject;
			attributes = {
				BuildIndependentTargetsInParallel = 1;
				LastSwiftUpdateCheck = 1330;
				LastUpgradeCheck = 1330;
				TargetAttributes = {
					BCBC49B528E795E300D7E5A5 = {
						CreatedOnToolsVersion = 13.3.1;
					};
				};
			};
			buildConfigurationList = BCBC49B128E795E300D7E5A5 /* Build configuration list for PBXProject "AdvancedAnimations" */;
			compatibilityVersion = "Xcode 13.0";
			developmentRegion = en;
			hasScannedForEncodings = 0;
			knownRegions = (
				en,
				Base,
			);
			mainGroup = BCBC49AD28E795E300D7E5A5;
			productRefGroup = BCBC49B728E795E300D7E5A5 /* Products */;
			projectDirPath = "";
			projectRoot = "";
			targets = (
				BCBC49B528E795E300D7E5A5 /* AdvancedAnimations */,
			);
		};
/* End PBXProject section */

/* Begin PBXResourcesBuildPhase section */
		BCBC49B428E795E300D7E5A5 /* Resources */ = {
			isa = PBXResourcesBuildPhase;
			buildActionMask = 2147483647;
			files = (
				BCBC49C128E795E500D7E5A5 /* Preview Assets.xcassets in Resources */,
				BCBC49BE28E795E500D7E5A5 /* Assets.xcassets in Resources */,
			);
			runOnlyForDeploymentPostprocessing = 0;
		};
/* End PBXResourcesBuildPhase section */

/* Begin PBXSourcesBuildPhase section */
		BCBC49B228E795E300D7E5A5 /* Sources */ = {
			isa = PBXSourcesBuildPhase;
			buildActionMask = 2147483647;
			files = (
				BC81ED2E292440FC0028C793 /* Clock.swift in Sources */,
				BCBC49BC28E795E300D7E5A5 /* ContentView.swift in Sources */,
				BCB4BE532926DF9B00357497 /* SquareClock.swift in Sources */,
				BC81ED2A29243D020028C793 /* PolygonAnimation.swift in Sources */,
				BCBC49BA28E795E300D7E5A5 /* AdvancedAnimationsApp.swift in Sources */,
				BC81ED30292441CA0028C793 /* TickingClock.swift in Sources */,
				BC81ED28292432DB0028C793 /* Polygon.swift in Sources */,
				BC74004B292592E300C07C52 /* SkewedLabel.swift in Sources */,
				BC81ED2C29243DE50028C793 /* ClockTime.swift in Sources */,
				BCB4BE512926DF7700357497 /* ShrinkingSquares.swift in Sources */,
				BC7400492925915500C07C52 /* SkewedOffset.swift in Sources */,
			);
			runOnlyForDeploymentPostprocessing = 0;
		};
/* End PBXSourcesBuildPhase section */

/* Begin XCBuildConfiguration section */
		BCBC49C228E795E500D7E5A5 /* Debug */ = {
			isa = XCBuildConfiguration;
			buildSettings = {
				ALWAYS_SEARCH_USER_PATHS = NO;
				CLANG_ANALYZER_NONNULL = YES;
				CLANG_ANALYZER_NUMBER_OBJECT_CONVERSION = YES_AGGRESSIVE;
				CLANG_CXX_LANGUAGE_STANDARD = "gnu++17";
				CLANG_ENABLE_MODULES = YES;
				CLANG_ENABLE_OBJC_ARC = YES;
				CLANG_ENABLE_OBJC_WEAK = YES;
				CLANG_WARN_BLOCK_CAPTURE_AUTORELEASING = YES;
				CLANG_WARN_BOOL_CONVERSION = YES;
				CLANG_WARN_COMMA = YES;
				CLANG_WARN_CONSTANT_CONVERSION = YES;
				CLANG_WARN_DEPRECATED_OBJC_IMPLEMENTATIONS = YES;
				CLANG_WARN_DIRECT_OBJC_ISA_USAGE = YES_ERROR;
				CLANG_WARN_DOCUMENTATION_COMMENTS = YES;
				CLANG_WARN_EMPTY_BODY = YES;
				CLANG_WARN_ENUM_CONVERSION = YES;
				CLANG_WARN_INFINITE_RECURSION = YES;
				CLANG_WARN_INT_CONVERSION = YES;
				CLANG_WARN_NON_LITERAL_NULL_CONVERSION = YES;
				CLANG_WARN_OBJC_IMPLICIT_RETAIN_SELF = YES;
				CLANG_WARN_OBJC_LITERAL_CONVERSION = YES;
				CLANG_WARN_OBJC_ROOT_CLASS = YES_ERROR;
				CLANG_WARN_QUOTED_INCLUDE_IN_FRAMEWORK_HEADER = YES;
				CLANG_WARN_RANGE_LOOP_ANALYSIS = YES;
				CLANG_WARN_STRICT_PROTOTYPES = YES;
				CLANG_WARN_SUSPICIOUS_MOVE = YES;
				CLANG_WARN_UNGUARDED_AVAILABILITY = YES_AGGRESSIVE;
				CLANG_WARN_UNREACHABLE_CODE = YES;
				CLANG_WARN__DUPLICATE_METHOD_MATCH = YES;
				COPY_PHASE_STRIP = NO;
				DEBUG_INFORMATION_FORMAT = dwarf;
				ENABLE_STRICT_OBJC_MSGSEND = YES;
				ENABLE_TESTABILITY = YES;
				GCC_C_LANGUAGE_STANDARD = gnu11;
				GCC_DYNAMIC_NO_PIC = NO;
				GCC_NO_COMMON_BLOCKS = YES;
				GCC_OPTIMIZATION_LEVEL = 0;
				GCC_PREPROCESSOR_DEFINITIONS = (
					"DEBUG=1",
					"$(inherited)",
				);
				GCC_WARN_64_TO_32_BIT_CONVERSION = YES;
				GCC_WARN_ABOUT_RETURN_TYPE = YES_ERROR;
				GCC_WARN_UNDECLARED_SELECTOR = YES;
				GCC_WARN_UNINITIALIZED_AUTOS = YES_AGGRESSIVE;
				GCC_WARN_UNUSED_FUNCTION = YES;
				GCC_WARN_UNUSED_VARIABLE = YES;
				IPHONEOS_DEPLOYMENT_TARGET = 15.4;
				MTL_ENABLE_DEBUG_INFO = INCLUDE_SOURCE;
				MTL_FAST_MATH = YES;
				ONLY_ACTIVE_ARCH = YES;
				SDKROOT = iphoneos;
				SWIFT_ACTIVE_COMPILATION_CONDITIONS = DEBUG;
				SWIFT_OPTIMIZATION_LEVEL = "-Onone";
			};
			name = Debug;
		};
		BCBC49C328E795E500D7E5A5 /* Release */ = {
			isa = XCBuildConfiguration;
			buildSettings = {
				ALWAYS_SEARCH_USER_PATHS = NO;
				CLANG_ANALYZER_NONNULL = YES;
				CLANG_ANALYZER_NUMBER_OBJECT_CONVERSION = YES_AGGRESSIVE;
				CLANG_CXX_LANGUAGE_STANDARD = "gnu++17";
				CLANG_ENABLE_MODULES = YES;
				CLANG_ENABLE_OBJC_ARC = YES;
				CLANG_ENABLE_OBJC_WEAK = YES;
				CLANG_WARN_BLOCK_CAPTURE_AUTORELEASING = YES;
				CLANG_WARN_BOOL_CONVERSION = YES;
				CLANG_WARN_COMMA = YES;
				CLANG_WARN_CONSTANT_CONVERSION = YES;
				CLANG_WARN_DEPRECATED_OBJC_IMPLEMENTATIONS = YES;
				CLANG_WARN_DIRECT_OBJC_ISA_USAGE = YES_ERROR;
				CLANG_WARN_DOCUMENTATION_COMMENTS = YES;
				CLANG_WARN_EMPTY_BODY = YES;
				CLANG_WARN_ENUM_CONVERSION = YES;
				CLANG_WARN_INFINITE_RECURSION = YES;
				CLANG_WARN_INT_CONVERSION = YES;
				CLANG_WARN_NON_LITERAL_NULL_CONVERSION = YES;
				CLANG_WARN_OBJC_IMPLICIT_RETAIN_SELF = YES;
				CLANG_WARN_OBJC_LITERAL_CONVERSION = YES;
				CLANG_WARN_OBJC_ROOT_CLASS = YES_ERROR;
				CLANG_WARN_QUOTED_INCLUDE_IN_FRAMEWORK_HEADER = YES;
				CLANG_WARN_RANGE_LOOP_ANALYSIS = YES;
				CLANG_WARN_STRICT_PROTOTYPES = YES;
				CLANG_WARN_SUSPICIOUS_MOVE = YES;
				CLANG_WARN_UNGUARDED_AVAILABILITY = YES_AGGRESSIVE;
				CLANG_WARN_UNREACHABLE_CODE = YES;
				CLANG_WARN__DUPLICATE_METHOD_MATCH = YES;
				COPY_PHASE_STRIP = NO;
				DEBUG_INFORMATION_FORMAT = "dwarf-with-dsym";
				ENABLE_NS_ASSERTIONS = NO;
				ENABLE_STRICT_OBJC_MSGSEND = YES;
				GCC_C_LANGUAGE_STANDARD = gnu11;
				GCC_NO_COMMON_BLOCKS = YES;
				GCC_WARN_64_TO_32_BIT_CONVERSION = YES;
				GCC_WARN_ABOUT_RETURN_TYPE = YES_ERROR;
				GCC_WARN_UNDECLARED_SELECTOR = YES;
				GCC_WARN_UNINITIALIZED_AUTOS = YES_AGGRESSIVE;
				GCC_WARN_UNUSED_FUNCTION = YES;
				GCC_WARN_UNUSED_VARIABLE = YES;
				IPHONEOS_DEPLOYMENT_TARGET = 15.4;
				MTL_ENABLE_DEBUG_INFO = NO;
				MTL_FAST_MATH = YES;
				SDKROOT = iphoneos;
				SWIFT_COMPILATION_MODE = wholemodule;
				SWIFT_OPTIMIZATION_LEVEL = "-O";
				VALIDATE_PRODUCT = YES;
			};
			name = Release;
		};
		BCBC49C528E795E500D7E5A5 /* Debug */ = {
			isa = XCBuildConfiguration;
			buildSettings = {
				ASSETCATALOG_COMPILER_APPICON_NAME = AppIcon;
				ASSETCATALOG_COMPILER_GLOBAL_ACCENT_COLOR_NAME = AccentColor;
				CODE_SIGN_STYLE = Automatic;
				CURRENT_PROJECT_VERSION = 1;
				DEVELOPMENT_ASSET_PATHS = "\"AdvancedAnimations/Preview Content\"";
				DEVELOPMENT_TEAM = 68467CPVLE;
				ENABLE_PREVIEWS = YES;
				GENERATE_INFOPLIST_FILE = YES;
				INFOPLIST_KEY_UIApplicationSceneManifest_Generation = YES;
				INFOPLIST_KEY_UIApplicationSupportsIndirectInputEvents = YES;
				INFOPLIST_KEY_UILaunchScreen_Generation = YES;
				INFOPLIST_KEY_UISupportedInterfaceOrientations_iPad = "UIInterfaceOrientationPortrait UIInterfaceOrientationPortraitUpsideDown UIInterfaceOrientationLandscapeLeft UIInterfaceOrientationLandscapeRight";
				INFOPLIST_KEY_UISupportedInterfaceOrientations_iPhone = "UIInterfaceOrientationPortrait UIInterfaceOrientationLandscapeLeft UIInterfaceOrientationLandscapeRight";
				LD_RUNPATH_SEARCH_PATHS = (
					"$(inherited)",
					"@executable_path/Frameworks",
				);
				MARKETING_VERSION = 1.0;
				PRODUCT_BUNDLE_IDENTIFIER = natashagodwin.AdvancedAnimations;
				PRODUCT_NAME = "$(TARGET_NAME)";
				SWIFT_EMIT_LOC_STRINGS = YES;
				SWIFT_VERSION = 5.0;
				TARGETED_DEVICE_FAMILY = "1,2";
			};
			name = Debug;
		};
		BCBC49C628E795E500D7E5A5 /* Release */ = {
			isa = XCBuildConfiguration;
			buildSettings = {
				ASSETCATALOG_COMPILER_APPICON_NAME = AppIcon;
				ASSETCATALOG_COMPILER_GLOBAL_ACCENT_COLOR_NAME = AccentColor;
				CODE_SIGN_STYLE = Automatic;
				CURRENT_PROJECT_VERSION = 1;
				DEVELOPMENT_ASSET_PATHS = "\"AdvancedAnimations/Preview Content\"";
				DEVELOPMENT_TEAM = 68467CPVLE;
				ENABLE_PREVIEWS = YES;
				GENERATE_INFOPLIST_FILE = YES;
				INFOPLIST_KEY_UIApplicationSceneManifest_Generation = YES;
				INFOPLIST_KEY_UIApplicationSupportsIndirectInputEvents = YES;
				INFOPLIST_KEY_UILaunchScreen_Generation = YES;
				INFOPLIST_KEY_UISupportedInterfaceOrientations_iPad = "UIInterfaceOrientationPortrait UIInterfaceOrientationPortraitUpsideDown UIInterfaceOrientationLandscapeLeft UIInterfaceOrientationLandscapeRight";
				INFOPLIST_KEY_UISupportedInterfaceOrientations_iPhone = "UIInterfaceOrientationPortrait UIInterfaceOrientationLandscapeLeft UIInterfaceOrientationLandscapeRight";
				LD_RUNPATH_SEARCH_PATHS = (
					"$(inherited)",
					"@executable_path/Frameworks",
				);
				MARKETING_VERSION = 1.0;
				PRODUCT_BUNDLE_IDENTIFIER = natashagodwin.AdvancedAnimations;
				PRODUCT_NAME = "$(TARGET_NAME)";
				SWIFT_EMIT_LOC_STRINGS = YES;
				SWIFT_VERSION = 5.0;
				TARGETED_DEVICE_FAMILY = "1,2";
			};
			name = Release;
		};
/* End XCBuildConfiguration section */

/* Begin XCConfigurationList section */
		BCBC49B128E795E300D7E5A5 /* Build configuration list for PBXProject "AdvancedAnimations" */ = {
			isa = XCConfigurationList;
			buildConfigurations = (
				BCBC49C228E795E500D7E5A5 /* Debug */,
				BCBC49C328E795E500D7E5A5 /* Release */,
			);
			defaultConfigurationIsVisible = 0;
			defaultConfigurationName = Release;
		};
		BCBC49C428E795E500D7E5A5 /* Build configuration list for PBXNativeTarget "AdvancedAnimations" */ = {
			isa = XCConfigurationList;
			buildConfigurations = (
				BCBC49C528E795E500D7E5A5 /* Debug */,
				BCBC49C628E795E500D7E5A5 /* Release */,
			);
			defaultConfigurationIsVisible = 0;
			defaultConfigurationName = Release;
		};
/* End XCConfigurationList section */
	};
	rootObject = BCBC49AE28E795E300D7E5A5 /* Project object */;
}
