// !$*UTF8*$!
{
	archiveVersion = 1;
	classes = {
	};
	objectVersion = 55;
	objects = {

/* Begin PBXBuildFile section */
		BC858B2127F8F5E900FDE3A7 /* SwiftMathApp.swift in Sources */ = {isa = PBXBuildFile; fileRef = BC858B2027F8F5E900FDE3A7 /* SwiftMathApp.swift */; };
		BC858B2327F8F5E900FDE3A7 /* ContentView.swift in Sources */ = {isa = PBXBuildFile; fileRef = BC858B2227F8F5E900FDE3A7 /* ContentView.swift */; };
		BC858B2527F8F5EE00FDE3A7 /* Assets.xcassets in Resources */ = {isa = PBXBuildFile; fileRef = BC858B2427F8F5EE00FDE3A7 /* Assets.xcassets */; };
		BC858B2827F8F5EE00FDE3A7 /* Preview Assets.xcassets in Resources */ = {isa = PBXBuildFile; fileRef = BC858B2727F8F5EE00FDE3A7 /* Preview Assets.xcassets */; };
		BC858B2F27F8F81F00FDE3A7 /* Double-Extension.swift in Sources */ = {isa = PBXBuildFile; fileRef = BC858B2E27F8F81F00FDE3A7 /* Double-Extension.swift */; };
		BC858B3127F8FCAB00FDE3A7 /* Distance-And-Direction.swift in Sources */ = {isa = PBXBuildFile; fileRef = BC858B3027F8FCAB00FDE3A7 /* Distance-And-Direction.swift */; };
		BC858B3327F9005C00FDE3A7 /* Line.swift in Sources */ = {isa = PBXBuildFile; fileRef = BC858B3227F9005C00FDE3A7 /* Line.swift */; };
		BC858B3527F9025100FDE3A7 /* Polygon.swift in Sources */ = {isa = PBXBuildFile; fileRef = BC858B3427F9025100FDE3A7 /* Polygon.swift */; };
/* End PBXBuildFile section */

/* Begin PBXFileReference section */
		BC858B1D27F8F5E900FDE3A7 /* SwiftMath.app */ = {isa = PBXFileReference; explicitFileType = wrapper.application; includeInIndex = 0; path = SwiftMath.app; sourceTree = BUILT_PRODUCTS_DIR; };
		BC858B2027F8F5E900FDE3A7 /* SwiftMathApp.swift */ = {isa = PBXFileReference; lastKnownFileType = sourcecode.swift; path = SwiftMathApp.swift; sourceTree = "<group>"; };
		BC858B2227F8F5E900FDE3A7 /* ContentView.swift */ = {isa = PBXFileReference; lastKnownFileType = sourcecode.swift; path = ContentView.swift; sourceTree = "<group>"; };
		BC858B2427F8F5EE00FDE3A7 /* Assets.xcassets */ = {isa = PBXFileReference; lastKnownFileType = folder.assetcatalog; path = Assets.xcassets; sourceTree = "<group>"; };
		BC858B2727F8F5EE00FDE3A7 /* Preview Assets.xcassets */ = {isa = PBXFileReference; lastKnownFileType = folder.assetcatalog; path = "Preview Assets.xcassets"; sourceTree = "<group>"; };
		BC858B2E27F8F81F00FDE3A7 /* Double-Extension.swift */ = {isa = PBXFileReference; lastKnownFileType = sourcecode.swift; path = "Double-Extension.swift"; sourceTree = "<group>"; };
		BC858B3027F8FCAB00FDE3A7 /* Distance-And-Direction.swift */ = {isa = PBXFileReference; lastKnownFileType = sourcecode.swift; path = "Distance-And-Direction.swift"; sourceTree = "<group>"; };
		BC858B3227F9005C00FDE3A7 /* Line.swift */ = {isa = PBXFileReference; lastKnownFileType = sourcecode.swift; path = Line.swift; sourceTree = "<group>"; };
		BC858B3427F9025100FDE3A7 /* Polygon.swift */ = {isa = PBXFileReference; lastKnownFileType = sourcecode.swift; path = Polygon.swift; sourceTree = "<group>"; };
/* End PBXFileReference section */

/* Begin PBXFrameworksBuildPhase section */
		BC858B1A27F8F5E900FDE3A7 /* Frameworks */ = {
			isa = PBXFrameworksBuildPhase;
			buildActionMask = 2147483647;
			files = (
			);
			runOnlyForDeploymentPostprocessing = 0;
		};
/* End PBXFrameworksBuildPhase section */

/* Begin PBXGroup section */
		BC858B1427F8F5E900FDE3A7 = {
			isa = PBXGroup;
			children = (
				BC858B1F27F8F5E900FDE3A7 /* SwiftMath */,
				BC858B1E27F8F5E900FDE3A7 /* Products */,
			);
			sourceTree = "<group>";
		};
		BC858B1E27F8F5E900FDE3A7 /* Products */ = {
			isa = PBXGroup;
			children = (
				BC858B1D27F8F5E900FDE3A7 /* SwiftMath.app */,
			);
			name = Products;
			sourceTree = "<group>";
		};
		BC858B1F27F8F5E900FDE3A7 /* SwiftMath */ = {
			isa = PBXGroup;
			children = (
				BC858B2027F8F5E900FDE3A7 /* SwiftMathApp.swift */,
				BC858B2227F8F5E900FDE3A7 /* ContentView.swift */,
				BC858B3627F9048200FDE3A7 /* Shapes */,
				BC858B3727F9048E00FDE3A7 /* Helpers */,
				BC858B2427F8F5EE00FDE3A7 /* Assets.xcassets */,
				BC858B2627F8F5EE00FDE3A7 /* Preview Content */,
			);
			path = SwiftMath;
			sourceTree = "<group>";
		};
		BC858B2627F8F5EE00FDE3A7 /* Preview Content */ = {
			isa = PBXGroup;
			children = (
				BC858B2727F8F5EE00FDE3A7 /* Preview Assets.xcassets */,
			);
			path = "Preview Content";
			sourceTree = "<group>";
		};
		BC858B3627F9048200FDE3A7 /* Shapes */ = {
			isa = PBXGroup;
			children = (
				BC858B3427F9025100FDE3A7 /* Polygon.swift */,
				BC858B3227F9005C00FDE3A7 /* Line.swift */,
			);
			path = Shapes;
			sourceTree = "<group>";
		};
		BC858B3727F9048E00FDE3A7 /* Helpers */ = {
			isa = PBXGroup;
			children = (
				BC858B2E27F8F81F00FDE3A7 /* Double-Extension.swift */,
				BC858B3027F8FCAB00FDE3A7 /* Distance-And-Direction.swift */,
			);
			path = Helpers;
			sourceTree = "<group>";
		};
/* End PBXGroup section */

/* Begin PBXNativeTarget section */
		BC858B1C27F8F5E900FDE3A7 /* SwiftMath */ = {
			isa = PBXNativeTarget;
			buildConfigurationList = BC858B2B27F8F5EE00FDE3A7 /* Build configuration list for PBXNativeTarget "SwiftMath" */;
			buildPhases = (
				BC858B1927F8F5E900FDE3A7 /* Sources */,
				BC858B1A27F8F5E900FDE3A7 /* Frameworks */,
				BC858B1B27F8F5E900FDE3A7 /* Resources */,
			);
			buildRules = (
			);
			dependencies = (
			);
			name = SwiftMath;
			productName = SwiftMath;
			productReference = BC858B1D27F8F5E900FDE3A7 /* SwiftMath.app */;
			productType = "com.apple.product-type.application";
		};
/* End PBXNativeTarget section */

/* Begin PBXProject section */
		BC858B1527F8F5E900FDE3A7 /* Project object */ = {
			isa = PBXProject;
			attributes = {
				BuildIndependentTargetsInParallel = 1;
				LastSwiftUpdateCheck = 1330;
				LastUpgradeCheck = 1330;
				TargetAttributes = {
					BC858B1C27F8F5E900FDE3A7 = {
						CreatedOnToolsVersion = 13.3;
					};
				};
			};
			buildConfigurationList = BC858B1827F8F5E900FDE3A7 /* Build configuration list for PBXProject "SwiftMath" */;
			compatibilityVersion = "Xcode 13.0";
			developmentRegion = en;
			hasScannedForEncodings = 0;
			knownRegions = (
				en,
				Base,
			);
			mainGroup = BC858B1427F8F5E900FDE3A7;
			productRefGroup = BC858B1E27F8F5E900FDE3A7 /* Products */;
			projectDirPath = "";
			projectRoot = "";
			targets = (
				BC858B1C27F8F5E900FDE3A7 /* SwiftMath */,
			);
		};
/* End PBXProject section */

/* Begin PBXResourcesBuildPhase section */
		BC858B1B27F8F5E900FDE3A7 /* Resources */ = {
			isa = PBXResourcesBuildPhase;
			buildActionMask = 2147483647;
			files = (
				BC858B2827F8F5EE00FDE3A7 /* Preview Assets.xcassets in Resources */,
				BC858B2527F8F5EE00FDE3A7 /* Assets.xcassets in Resources */,
			);
			runOnlyForDeploymentPostprocessing = 0;
		};
/* End PBXResourcesBuildPhase section */

/* Begin PBXSourcesBuildPhase section */
		BC858B1927F8F5E900FDE3A7 /* Sources */ = {
			isa = PBXSourcesBuildPhase;
			buildActionMask = 2147483647;
			files = (
				BC858B2F27F8F81F00FDE3A7 /* Double-Extension.swift in Sources */,
				BC858B2327F8F5E900FDE3A7 /* ContentView.swift in Sources */,
				BC858B3527F9025100FDE3A7 /* Polygon.swift in Sources */,
				BC858B2127F8F5E900FDE3A7 /* SwiftMathApp.swift in Sources */,
				BC858B3127F8FCAB00FDE3A7 /* Distance-And-Direction.swift in Sources */,
				BC858B3327F9005C00FDE3A7 /* Line.swift in Sources */,
			);
			runOnlyForDeploymentPostprocessing = 0;
		};
/* End PBXSourcesBuildPhase section */

/* Begin XCBuildConfiguration section */
		BC858B2927F8F5EE00FDE3A7 /* Debug */ = {
			isa = XCBuildConfiguration;
			buildSettings = {
				ALWAYS_SEARCH_USER_PATHS = NO;
				CLANG_ANALYZER_NONNULL = YES;
				CLANG_ANALYZER_NUMBER_OBJECT_CONVERSION = YES_AGGRESSIVE;
				CLANG_CXX_LANGUAGE_STANDARD = "gnu++17";
				CLANG_ENABLE_MODULES = YES;
				CLANG_ENABLE_OBJC_ARC = YES;
				CLANG_ENABLE_OBJC_WEAK = YES;
				CLANG_WARN_BLOCK_CAPTURE_AUTORELEASING = YES;
				CLANG_WARN_BOOL_CONVERSION = YES;
				CLANG_WARN_COMMA = YES;
				CLANG_WARN_CONSTANT_CONVERSION = YES;
				CLANG_WARN_DEPRECATED_OBJC_IMPLEMENTATIONS = YES;
				CLANG_WARN_DIRECT_OBJC_ISA_USAGE = YES_ERROR;
				CLANG_WARN_DOCUMENTATION_COMMENTS = YES;
				CLANG_WARN_EMPTY_BODY = YES;
				CLANG_WARN_ENUM_CONVERSION = YES;
				CLANG_WARN_INFINITE_RECURSION = YES;
				CLANG_WARN_INT_CONVERSION = YES;
				CLANG_WARN_NON_LITERAL_NULL_CONVERSION = YES;
				CLANG_WARN_OBJC_IMPLICIT_RETAIN_SELF = YES;
				CLANG_WARN_OBJC_LITERAL_CONVERSION = YES;
				CLANG_WARN_OBJC_ROOT_CLASS = YES_ERROR;
				CLANG_WARN_QUOTED_INCLUDE_IN_FRAMEWORK_HEADER = YES;
				CLANG_WARN_RANGE_LOOP_ANALYSIS = YES;
				CLANG_WARN_STRICT_PROTOTYPES = YES;
				CLANG_WARN_SUSPICIOUS_MOVE = YES;
				CLANG_WARN_UNGUARDED_AVAILABILITY = YES_AGGRESSIVE;
				CLANG_WARN_UNREACHABLE_CODE = YES;
				CLANG_WARN__DUPLICATE_METHOD_MATCH = YES;
				COPY_PHASE_STRIP = NO;
				DEBUG_INFORMATION_FORMAT = dwarf;
				ENABLE_STRICT_OBJC_MSGSEND = YES;
				ENABLE_TESTABILITY = YES;
				GCC_C_LANGUAGE_STANDARD = gnu11;
				GCC_DYNAMIC_NO_PIC = NO;
				GCC_NO_COMMON_BLOCKS = YES;
				GCC_OPTIMIZATION_LEVEL = 0;
				GCC_PREPROCESSOR_DEFINITIONS = (
					"DEBUG=1",
					"$(inherited)",
				);
				GCC_WARN_64_TO_32_BIT_CONVERSION = YES;
				GCC_WARN_ABOUT_RETURN_TYPE = YES_ERROR;
				GCC_WARN_UNDECLARED_SELECTOR = YES;
				GCC_WARN_UNINITIALIZED_AUTOS = YES_AGGRESSIVE;
				GCC_WARN_UNUSED_FUNCTION = YES;
				GCC_WARN_UNUSED_VARIABLE = YES;
				IPHONEOS_DEPLOYMENT_TARGET = 15.4;
				MTL_ENABLE_DEBUG_INFO = INCLUDE_SOURCE;
				MTL_FAST_MATH = YES;
				ONLY_ACTIVE_ARCH = YES;
				SDKROOT = iphoneos;
				SWIFT_ACTIVE_COMPILATION_CONDITIONS = DEBUG;
				SWIFT_OPTIMIZATION_LEVEL = "-Onone";
			};
			name = Debug;
		};
		BC858B2A27F8F5EE00FDE3A7 /* Release */ = {
			isa = XCBuildConfiguration;
			buildSettings = {
				ALWAYS_SEARCH_USER_PATHS = NO;
				CLANG_ANALYZER_NONNULL = YES;
				CLANG_ANALYZER_NUMBER_OBJECT_CONVERSION = YES_AGGRESSIVE;
				CLANG_CXX_LANGUAGE_STANDARD = "gnu++17";
				CLANG_ENABLE_MODULES = YES;
				CLANG_ENABLE_OBJC_ARC = YES;
				CLANG_ENABLE_OBJC_WEAK = YES;
				CLANG_WARN_BLOCK_CAPTURE_AUTORELEASING = YES;
				CLANG_WARN_BOOL_CONVERSION = YES;
				CLANG_WARN_COMMA = YES;
				CLANG_WARN_CONSTANT_CONVERSION = YES;
				CLANG_WARN_DEPRECATED_OBJC_IMPLEMENTATIONS = YES;
				CLANG_WARN_DIRECT_OBJC_ISA_USAGE = YES_ERROR;
				CLANG_WARN_DOCUMENTATION_COMMENTS = YES;
				CLANG_WARN_EMPTY_BODY = YES;
				CLANG_WARN_ENUM_CONVERSION = YES;
				CLANG_WARN_INFINITE_RECURSION = YES;
				CLANG_WARN_INT_CONVERSION = YES;
				CLANG_WARN_NON_LITERAL_NULL_CONVERSION = YES;
				CLANG_WARN_OBJC_IMPLICIT_RETAIN_SELF = YES;
				CLANG_WARN_OBJC_LITERAL_CONVERSION = YES;
				CLANG_WARN_OBJC_ROOT_CLASS = YES_ERROR;
				CLANG_WARN_QUOTED_INCLUDE_IN_FRAMEWORK_HEADER = YES;
				CLANG_WARN_RANGE_LOOP_ANALYSIS = YES;
				CLANG_WARN_STRICT_PROTOTYPES = YES;
				CLANG_WARN_SUSPICIOUS_MOVE = YES;
				CLANG_WARN_UNGUARDED_AVAILABILITY = YES_AGGRESSIVE;
				CLANG_WARN_UNREACHABLE_CODE = YES;
				CLANG_WARN__DUPLICATE_METHOD_MATCH = YES;
				COPY_PHASE_STRIP = NO;
				DEBUG_INFORMATION_FORMAT = "dwarf-with-dsym";
				ENABLE_NS_ASSERTIONS = NO;
				ENABLE_STRICT_OBJC_MSGSEND = YES;
				GCC_C_LANGUAGE_STANDARD = gnu11;
				GCC_NO_COMMON_BLOCKS = YES;
				GCC_WARN_64_TO_32_BIT_CONVERSION = YES;
				GCC_WARN_ABOUT_RETURN_TYPE = YES_ERROR;
				GCC_WARN_UNDECLARED_SELECTOR = YES;
				GCC_WARN_UNINITIALIZED_AUTOS = YES_AGGRESSIVE;
				GCC_WARN_UNUSED_FUNCTION = YES;
				GCC_WARN_UNUSED_VARIABLE = YES;
				IPHONEOS_DEPLOYMENT_TARGET = 15.4;
				MTL_ENABLE_DEBUG_INFO = NO;
				MTL_FAST_MATH = YES;
				SDKROOT = iphoneos;
				SWIFT_COMPILATION_MODE = wholemodule;
				SWIFT_OPTIMIZATION_LEVEL = "-O";
				VALIDATE_PRODUCT = YES;
			};
			name = Release;
		};
		BC858B2C27F8F5EE00FDE3A7 /* Debug */ = {
			isa = XCBuildConfiguration;
			buildSettings = {
				ASSETCATALOG_COMPILER_APPICON_NAME = AppIcon;
				ASSETCATALOG_COMPILER_GLOBAL_ACCENT_COLOR_NAME = AccentColor;
				CODE_SIGN_STYLE = Automatic;
				CURRENT_PROJECT_VERSION = 1;
				DEVELOPMENT_ASSET_PATHS = "\"SwiftMath/Preview Content\"";
				DEVELOPMENT_TEAM = 68467CPVLE;
				ENABLE_PREVIEWS = YES;
				GENERATE_INFOPLIST_FILE = YES;
				INFOPLIST_KEY_UIApplicationSceneManifest_Generation = YES;
				INFOPLIST_KEY_UIApplicationSupportsIndirectInputEvents = YES;
				INFOPLIST_KEY_UILaunchScreen_Generation = YES;
				INFOPLIST_KEY_UISupportedInterfaceOrientations_iPad = "UIInterfaceOrientationPortrait UIInterfaceOrientationPortraitUpsideDown UIInterfaceOrientationLandscapeLeft UIInterfaceOrientationLandscapeRight";
				INFOPLIST_KEY_UISupportedInterfaceOrientations_iPhone = "UIInterfaceOrientationPortrait UIInterfaceOrientationLandscapeLeft UIInterfaceOrientationLandscapeRight";
				LD_RUNPATH_SEARCH_PATHS = (
					"$(inherited)",
					"@executable_path/Frameworks",
				);
				MARKETING_VERSION = 1.0;
				PRODUCT_BUNDLE_IDENTIFIER = biomedicalmuse.SwiftMath;
				PRODUCT_NAME = "$(TARGET_NAME)";
				SWIFT_EMIT_LOC_STRINGS = YES;
				SWIFT_VERSION = 5.0;
				TARGETED_DEVICE_FAMILY = "1,2";
			};
			name = Debug;
		};
		BC858B2D27F8F5EE00FDE3A7 /* Release */ = {
			isa = XCBuildConfiguration;
			buildSettings = {
				ASSETCATALOG_COMPILER_APPICON_NAME = AppIcon;
				ASSETCATALOG_COMPILER_GLOBAL_ACCENT_COLOR_NAME = AccentColor;
				CODE_SIGN_STYLE = Automatic;
				CURRENT_PROJECT_VERSION = 1;
				DEVELOPMENT_ASSET_PATHS = "\"SwiftMath/Preview Content\"";
				DEVELOPMENT_TEAM = 68467CPVLE;
				ENABLE_PREVIEWS = YES;
				GENERATE_INFOPLIST_FILE = YES;
				INFOPLIST_KEY_UIApplicationSceneManifest_Generation = YES;
				INFOPLIST_KEY_UIApplicationSupportsIndirectInputEvents = YES;
				INFOPLIST_KEY_UILaunchScreen_Generation = YES;
				INFOPLIST_KEY_UISupportedInterfaceOrientations_iPad = "UIInterfaceOrientationPortrait UIInterfaceOrientationPortraitUpsideDown UIInterfaceOrientationLandscapeLeft UIInterfaceOrientationLandscapeRight";
				INFOPLIST_KEY_UISupportedInterfaceOrientations_iPhone = "UIInterfaceOrientationPortrait UIInterfaceOrientationLandscapeLeft UIInterfaceOrientationLandscapeRight";
				LD_RUNPATH_SEARCH_PATHS = (
					"$(inherited)",
					"@executable_path/Frameworks",
				);
				MARKETING_VERSION = 1.0;
				PRODUCT_BUNDLE_IDENTIFIER = biomedicalmuse.SwiftMath;
				PRODUCT_NAME = "$(TARGET_NAME)";
				SWIFT_EMIT_LOC_STRINGS = YES;
				SWIFT_VERSION = 5.0;
				TARGETED_DEVICE_FAMILY = "1,2";
			};
			name = Release;
		};
/* End XCBuildConfiguration section */

/* Begin XCConfigurationList section */
		BC858B1827F8F5E900FDE3A7 /* Build configuration list for PBXProject "SwiftMath" */ = {
			isa = XCConfigurationList;
			buildConfigurations = (
				BC858B2927F8F5EE00FDE3A7 /* Debug */,
				BC858B2A27F8F5EE00FDE3A7 /* Release */,
			);
			defaultConfigurationIsVisible = 0;
			defaultConfigurationName = Release;
		};
		BC858B2B27F8F5EE00FDE3A7 /* Build configuration list for PBXNativeTarget "SwiftMath" */ = {
			isa = XCConfigurationList;
			buildConfigurations = (
				BC858B2C27F8F5EE00FDE3A7 /* Debug */,
				BC858B2D27F8F5EE00FDE3A7 /* Release */,
			);
			defaultConfigurationIsVisible = 0;
			defaultConfigurationName = Release;
		};
/* End XCConfigurationList section */
	};
	rootObject = BC858B1527F8F5E900FDE3A7 /* Project object */;
}
