// !$*UTF8*$!
{
	archiveVersion = 1;
	classes = {
	};
	objectVersion = 50;
	objects = {

/* Begin PBXBuildFile section */
		BC148BF2269CC8E3005F0E2F /* TimeTravelApp.swift in Sources */ = {isa = PBXBuildFile; fileRef = BC148BF1269CC8E3005F0E2F /* TimeTravelApp.swift */; };
		BC148BF4269CC8E3005F0E2F /* ContentView.swift in Sources */ = {isa = PBXBuildFile; fileRef = BC148BF3269CC8E3005F0E2F /* ContentView.swift */; };
		BC148BF6269CC8E6005F0E2F /* Assets.xcassets in Resources */ = {isa = PBXBuildFile; fileRef = BC148BF5269CC8E6005F0E2F /* Assets.xcassets */; };
		BC148BF9269CC8E6005F0E2F /* Preview Assets.xcassets in Resources */ = {isa = PBXBuildFile; fileRef = BC148BF8269CC8E6005F0E2F /* Preview Assets.xcassets */; };
		BC148C01269CD3C5005F0E2F /* TextExtension.swift in Sources */ = {isa = PBXBuildFile; fileRef = BC148C00269CD3C4005F0E2F /* TextExtension.swift */; };
/* End PBXBuildFile section */

/* Begin PBXFileReference section */
		BC148BEE269CC8E3005F0E2F /* TimeTravel.app */ = {isa = PBXFileReference; explicitFileType = wrapper.application; includeInIndex = 0; path = TimeTravel.app; sourceTree = BUILT_PRODUCTS_DIR; };
		BC148BF1269CC8E3005F0E2F /* TimeTravelApp.swift */ = {isa = PBXFileReference; lastKnownFileType = sourcecode.swift; path = TimeTravelApp.swift; sourceTree = "<group>"; };
		BC148BF3269CC8E3005F0E2F /* ContentView.swift */ = {isa = PBXFileReference; lastKnownFileType = sourcecode.swift; path = ContentView.swift; sourceTree = "<group>"; };
		BC148BF5269CC8E6005F0E2F /* Assets.xcassets */ = {isa = PBXFileReference; lastKnownFileType = folder.assetcatalog; path = Assets.xcassets; sourceTree = "<group>"; };
		BC148BF8269CC8E6005F0E2F /* Preview Assets.xcassets */ = {isa = PBXFileReference; lastKnownFileType = folder.assetcatalog; path = "Preview Assets.xcassets"; sourceTree = "<group>"; };
		BC148BFA269CC8E6005F0E2F /* Info.plist */ = {isa = PBXFileReference; lastKnownFileType = text.plist.xml; path = Info.plist; sourceTree = "<group>"; };
		BC148C00269CD3C4005F0E2F /* TextExtension.swift */ = {isa = PBXFileReference; lastKnownFileType = sourcecode.swift; path = TextExtension.swift; sourceTree = "<group>"; };
/* End PBXFileReference section */

/* Begin PBXFrameworksBuildPhase section */
		BC148BEB269CC8E3005F0E2F /* Frameworks */ = {
			isa = PBXFrameworksBuildPhase;
			buildActionMask = 2147483647;
			files = (
			);
			runOnlyForDeploymentPostprocessing = 0;
		};
/* End PBXFrameworksBuildPhase section */

/* Begin PBXGroup section */
		BC148BE5269CC8E3005F0E2F = {
			isa = PBXGroup;
			children = (
				BC148BF0269CC8E3005F0E2F /* TimeTravel */,
				BC148BEF269CC8E3005F0E2F /* Products */,
			);
			sourceTree = "<group>";
		};
		BC148BEF269CC8E3005F0E2F /* Products */ = {
			isa = PBXGroup;
			children = (
				BC148BEE269CC8E3005F0E2F /* TimeTravel.app */,
			);
			name = Products;
			sourceTree = "<group>";
		};
		BC148BF0269CC8E3005F0E2F /* TimeTravel */ = {
			isa = PBXGroup;
			children = (
				BC148BF1269CC8E3005F0E2F /* TimeTravelApp.swift */,
				BC148BF3269CC8E3005F0E2F /* ContentView.swift */,
				BC148C00269CD3C4005F0E2F /* TextExtension.swift */,
				BC148BF5269CC8E6005F0E2F /* Assets.xcassets */,
				BC148BFA269CC8E6005F0E2F /* Info.plist */,
				BC148BF7269CC8E6005F0E2F /* Preview Content */,
			);
			path = TimeTravel;
			sourceTree = "<group>";
		};
		BC148BF7269CC8E6005F0E2F /* Preview Content */ = {
			isa = PBXGroup;
			children = (
				BC148BF8269CC8E6005F0E2F /* Preview Assets.xcassets */,
			);
			path = "Preview Content";
			sourceTree = "<group>";
		};
/* End PBXGroup section */

/* Begin PBXNativeTarget section */
		BC148BED269CC8E3005F0E2F /* TimeTravel */ = {
			isa = PBXNativeTarget;
			buildConfigurationList = BC148BFD269CC8E6005F0E2F /* Build configuration list for PBXNativeTarget "TimeTravel" */;
			buildPhases = (
				BC148BEA269CC8E3005F0E2F /* Sources */,
				BC148BEB269CC8E3005F0E2F /* Frameworks */,
				BC148BEC269CC8E3005F0E2F /* Resources */,
			);
			buildRules = (
			);
			dependencies = (
			);
			name = TimeTravel;
			productName = TimeTravel;
			productReference = BC148BEE269CC8E3005F0E2F /* TimeTravel.app */;
			productType = "com.apple.product-type.application";
		};
/* End PBXNativeTarget section */

/* Begin PBXProject section */
		BC148BE6269CC8E3005F0E2F /* Project object */ = {
			isa = PBXProject;
			attributes = {
				LastSwiftUpdateCheck = 1250;
				LastUpgradeCheck = 1250;
				TargetAttributes = {
					BC148BED269CC8E3005F0E2F = {
						CreatedOnToolsVersion = 12.5.1;
					};
				};
			};
			buildConfigurationList = BC148BE9269CC8E3005F0E2F /* Build configuration list for PBXProject "TimeTravel" */;
			compatibilityVersion = "Xcode 9.3";
			developmentRegion = en;
			hasScannedForEncodings = 0;
			knownRegions = (
				en,
				Base,
			);
			mainGroup = BC148BE5269CC8E3005F0E2F;
			productRefGroup = BC148BEF269CC8E3005F0E2F /* Products */;
			projectDirPath = "";
			projectRoot = "";
			targets = (
				BC148BED269CC8E3005F0E2F /* TimeTravel */,
			);
		};
/* End PBXProject section */

/* Begin PBXResourcesBuildPhase section */
		BC148BEC269CC8E3005F0E2F /* Resources */ = {
			isa = PBXResourcesBuildPhase;
			buildActionMask = 2147483647;
			files = (
				BC148BF9269CC8E6005F0E2F /* Preview Assets.xcassets in Resources */,
				BC148BF6269CC8E6005F0E2F /* Assets.xcassets in Resources */,
			);
			runOnlyForDeploymentPostprocessing = 0;
		};
/* End PBXResourcesBuildPhase section */

/* Begin PBXSourcesBuildPhase section */
		BC148BEA269CC8E3005F0E2F /* Sources */ = {
			isa = PBXSourcesBuildPhase;
			buildActionMask = 2147483647;
			files = (
				BC148BF4269CC8E3005F0E2F /* ContentView.swift in Sources */,
				BC148C01269CD3C5005F0E2F /* TextExtension.swift in Sources */,
				BC148BF2269CC8E3005F0E2F /* TimeTravelApp.swift in Sources */,
			);
			runOnlyForDeploymentPostprocessing = 0;
		};
/* End PBXSourcesBuildPhase section */

/* Begin XCBuildConfiguration section */
		BC148BFB269CC8E6005F0E2F /* Debug */ = {
			isa = XCBuildConfiguration;
			buildSettings = {
				ALWAYS_SEARCH_USER_PATHS = NO;
				CLANG_ANALYZER_NONNULL = YES;
				CLANG_ANALYZER_NUMBER_OBJECT_CONVERSION = YES_AGGRESSIVE;
				CLANG_CXX_LANGUAGE_STANDARD = "gnu++14";
				CLANG_CXX_LIBRARY = "libc++";
				CLANG_ENABLE_MODULES = YES;
				CLANG_ENABLE_OBJC_ARC = YES;
				CLANG_ENABLE_OBJC_WEAK = YES;
				CLANG_WARN_BLOCK_CAPTURE_AUTORELEASING = YES;
				CLANG_WARN_BOOL_CONVERSION = YES;
				CLANG_WARN_COMMA = YES;
				CLANG_WARN_CONSTANT_CONVERSION = YES;
				CLANG_WARN_DEPRECATED_OBJC_IMPLEMENTATIONS = YES;
				CLANG_WARN_DIRECT_OBJC_ISA_USAGE = YES_ERROR;
				CLANG_WARN_DOCUMENTATION_COMMENTS = YES;
				CLANG_WARN_EMPTY_BODY = YES;
				CLANG_WARN_ENUM_CONVERSION = YES;
				CLANG_WARN_INFINITE_RECURSION = YES;
				CLANG_WARN_INT_CONVERSION = YES;
				CLANG_WARN_NON_LITERAL_NULL_CONVERSION = YES;
				CLANG_WARN_OBJC_IMPLICIT_RETAIN_SELF = YES;
				CLANG_WARN_OBJC_LITERAL_CONVERSION = YES;
				CLANG_WARN_OBJC_ROOT_CLASS = YES_ERROR;
				CLANG_WARN_QUOTED_INCLUDE_IN_FRAMEWORK_HEADER = YES;
				CLANG_WARN_RANGE_LOOP_ANALYSIS = YES;
				CLANG_WARN_STRICT_PROTOTYPES = YES;
				CLANG_WARN_SUSPICIOUS_MOVE = YES;
				CLANG_WARN_UNGUARDED_AVAILABILITY = YES_AGGRESSIVE;
				CLANG_WARN_UNREACHABLE_CODE = YES;
				CLANG_WARN__DUPLICATE_METHOD_MATCH = YES;
				COPY_PHASE_STRIP = NO;
				DEBUG_INFORMATION_FORMAT = dwarf;
				ENABLE_STRICT_OBJC_MSGSEND = YES;
				ENABLE_TESTABILITY = YES;
				GCC_C_LANGUAGE_STANDARD = gnu11;
				GCC_DYNAMIC_NO_PIC = NO;
				GCC_NO_COMMON_BLOCKS = YES;
				GCC_OPTIMIZATION_LEVEL = 0;
				GCC_PREPROCESSOR_DEFINITIONS = (
					"DEBUG=1",
					"$(inherited)",
				);
				GCC_WARN_64_TO_32_BIT_CONVERSION = YES;
				GCC_WARN_ABOUT_RETURN_TYPE = YES_ERROR;
				GCC_WARN_UNDECLARED_SELECTOR = YES;
				GCC_WARN_UNINITIALIZED_AUTOS = YES_AGGRESSIVE;
				GCC_WARN_UNUSED_FUNCTION = YES;
				GCC_WARN_UNUSED_VARIABLE = YES;
				IPHONEOS_DEPLOYMENT_TARGET = 14.5;
				MTL_ENABLE_DEBUG_INFO = INCLUDE_SOURCE;
				MTL_FAST_MATH = YES;
				ONLY_ACTIVE_ARCH = YES;
				SDKROOT = iphoneos;
				SWIFT_ACTIVE_COMPILATION_CONDITIONS = DEBUG;
				SWIFT_OPTIMIZATION_LEVEL = "-Onone";
			};
			name = Debug;
		};
		BC148BFC269CC8E6005F0E2F /* Release */ = {
			isa = XCBuildConfiguration;
			buildSettings = {
				ALWAYS_SEARCH_USER_PATHS = NO;
				CLANG_ANALYZER_NONNULL = YES;
				CLANG_ANALYZER_NUMBER_OBJECT_CONVERSION = YES_AGGRESSIVE;
				CLANG_CXX_LANGUAGE_STANDARD = "gnu++14";
				CLANG_CXX_LIBRARY = "libc++";
				CLANG_ENABLE_MODULES = YES;
				CLANG_ENABLE_OBJC_ARC = YES;
				CLANG_ENABLE_OBJC_WEAK = YES;
				CLANG_WARN_BLOCK_CAPTURE_AUTORELEASING = YES;
				CLANG_WARN_BOOL_CONVERSION = YES;
				CLANG_WARN_COMMA = YES;
				CLANG_WARN_CONSTANT_CONVERSION = YES;
				CLANG_WARN_DEPRECATED_OBJC_IMPLEMENTATIONS = YES;
				CLANG_WARN_DIRECT_OBJC_ISA_USAGE = YES_ERROR;
				CLANG_WARN_DOCUMENTATION_COMMENTS = YES;
				CLANG_WARN_EMPTY_BODY = YES;
				CLANG_WARN_ENUM_CONVERSION = YES;
				CLANG_WARN_INFINITE_RECURSION = YES;
				CLANG_WARN_INT_CONVERSION = YES;
				CLANG_WARN_NON_LITERAL_NULL_CONVERSION = YES;
				CLANG_WARN_OBJC_IMPLICIT_RETAIN_SELF = YES;
				CLANG_WARN_OBJC_LITERAL_CONVERSION = YES;
				CLANG_WARN_OBJC_ROOT_CLASS = YES_ERROR;
				CLANG_WARN_QUOTED_INCLUDE_IN_FRAMEWORK_HEADER = YES;
				CLANG_WARN_RANGE_LOOP_ANALYSIS = YES;
				CLANG_WARN_STRICT_PROTOTYPES = YES;
				CLANG_WARN_SUSPICIOUS_MOVE = YES;
				CLANG_WARN_UNGUARDED_AVAILABILITY = YES_AGGRESSIVE;
				CLANG_WARN_UNREACHABLE_CODE = YES;
				CLANG_WARN__DUPLICATE_METHOD_MATCH = YES;
				COPY_PHASE_STRIP = NO;
				DEBUG_INFORMATION_FORMAT = "dwarf-with-dsym";
				ENABLE_NS_ASSERTIONS = NO;
				ENABLE_STRICT_OBJC_MSGSEND = YES;
				GCC_C_LANGUAGE_STANDARD = gnu11;
				GCC_NO_COMMON_BLOCKS = YES;
				GCC_WARN_64_TO_32_BIT_CONVERSION = YES;
				GCC_WARN_ABOUT_RETURN_TYPE = YES_ERROR;
				GCC_WARN_UNDECLARED_SELECTOR = YES;
				GCC_WARN_UNINITIALIZED_AUTOS = YES_AGGRESSIVE;
				GCC_WARN_UNUSED_FUNCTION = YES;
				GCC_WARN_UNUSED_VARIABLE = YES;
				IPHONEOS_DEPLOYMENT_TARGET = 14.5;
				MTL_ENABLE_DEBUG_INFO = NO;
				MTL_FAST_MATH = YES;
				SDKROOT = iphoneos;
				SWIFT_COMPILATION_MODE = wholemodule;
				SWIFT_OPTIMIZATION_LEVEL = "-O";
				VALIDATE_PRODUCT = YES;
			};
			name = Release;
		};
		BC148BFE269CC8E6005F0E2F /* Debug */ = {
			isa = XCBuildConfiguration;
			buildSettings = {
				ASSETCATALOG_COMPILER_APPICON_NAME = AppIcon;
				ASSETCATALOG_COMPILER_GLOBAL_ACCENT_COLOR_NAME = AccentColor;
				CODE_SIGN_STYLE = Automatic;
				DEVELOPMENT_ASSET_PATHS = "\"TimeTravel/Preview Content\"";
				DEVELOPMENT_TEAM = 68467CPVLE;
				ENABLE_PREVIEWS = YES;
				INFOPLIST_FILE = TimeTravel/Info.plist;
				IPHONEOS_DEPLOYMENT_TARGET = 14.0;
				LD_RUNPATH_SEARCH_PATHS = (
					"$(inherited)",
					"@executable_path/Frameworks",
				);
				PRODUCT_BUNDLE_IDENTIFIER = biomedicalmuse.TimeTravel;
				PRODUCT_NAME = "$(TARGET_NAME)";
				SWIFT_VERSION = 5.0;
				TARGETED_DEVICE_FAMILY = "1,2";
			};
			name = Debug;
		};
		BC148BFF269CC8E6005F0E2F /* Release */ = {
			isa = XCBuildConfiguration;
			buildSettings = {
				ASSETCATALOG_COMPILER_APPICON_NAME = AppIcon;
				ASSETCATALOG_COMPILER_GLOBAL_ACCENT_COLOR_NAME = AccentColor;
				CODE_SIGN_STYLE = Automatic;
				DEVELOPMENT_ASSET_PATHS = "\"TimeTravel/Preview Content\"";
				DEVELOPMENT_TEAM = 68467CPVLE;
				ENABLE_PREVIEWS = YES;
				INFOPLIST_FILE = TimeTravel/Info.plist;
				IPHONEOS_DEPLOYMENT_TARGET = 14.0;
				LD_RUNPATH_SEARCH_PATHS = (
					"$(inherited)",
					"@executable_path/Frameworks",
				);
				PRODUCT_BUNDLE_IDENTIFIER = biomedicalmuse.TimeTravel;
				PRODUCT_NAME = "$(TARGET_NAME)";
				SWIFT_VERSION = 5.0;
				TARGETED_DEVICE_FAMILY = "1,2";
			};
			name = Release;
		};
/* End XCBuildConfiguration section */

/* Begin XCConfigurationList section */
		BC148BE9269CC8E3005F0E2F /* Build configuration list for PBXProject "TimeTravel" */ = {
			isa = XCConfigurationList;
			buildConfigurations = (
				BC148BFB269CC8E6005F0E2F /* Debug */,
				BC148BFC269CC8E6005F0E2F /* Release */,
			);
			defaultConfigurationIsVisible = 0;
			defaultConfigurationName = Release;
		};
		BC148BFD269CC8E6005F0E2F /* Build configuration list for PBXNativeTarget "TimeTravel" */ = {
			isa = XCConfigurationList;
			buildConfigurations = (
				BC148BFE269CC8E6005F0E2F /* Debug */,
				BC148BFF269CC8E6005F0E2F /* Release */,
			);
			defaultConfigurationIsVisible = 0;
			defaultConfigurationName = Release;
		};
/* End XCConfigurationList section */
	};
	rootObject = BC148BE6269CC8E3005F0E2F /* Project object */;
}
